
Microsoft Visual Studio Solution File, Format Version 12.00
# Visual Studio 14
VisualStudioVersion = 14.0.25420.1
MinimumVisualStudioVersion = 10.0.40219.1
Project("{FAE04EC0-301F-11D3-BF4B-00C04F79EFBC}") = "Pepeza", "Pepeza\Pepeza.csproj", "{901F210C-71BB-4316-8656-1491205A3DB4}"
EndProject
Project("{FAE04EC0-301F-11D3-BF4B-00C04F79EFBC}") = "PepezaPushBackgroundTask", "PepezaPushBackgroundTask\PepezaPushBackgroundTask.csproj", "{815C1DE4-C75F-4ABE-BA76-67FF441E9898}"
EndProject
Project("{FAE04EC0-301F-11D3-BF4B-00C04F79EFBC}") = "Shared", "Shared\Shared.csproj", "{F749F62D-B444-4962-91C3-9C868D798DF3}"
EndProject
Global
	GlobalSection(SolutionConfigurationPlatforms) = preSolution
		Debug|Any CPU = Debug|Any CPU
		Debug|ARM = Debug|ARM
		Debug|x86 = Debug|x86
		Release|Any CPU = Release|Any CPU
		Release|ARM = Release|ARM
		Release|x86 = Release|x86
	EndGlobalSection
	GlobalSection(ProjectConfigurationPlatforms) = postSolution
		{901F210C-71BB-4316-8656-1491205A3DB4}.Debug|Any CPU.ActiveCfg = Debug|Any CPU
		{901F210C-71BB-4316-8656-1491205A3DB4}.Debug|Any CPU.Build.0 = Debug|Any CPU
		{901F210C-71BB-4316-8656-1491205A3DB4}.Debug|Any CPU.Deploy.0 = Debug|Any CPU
		{901F210C-71BB-4316-8656-1491205A3DB4}.Debug|ARM.ActiveCfg = Debug|ARM
		{901F210C-71BB-4316-8656-1491205A3DB4}.Debug|ARM.Build.0 = Debug|ARM
		{901F210C-71BB-4316-8656-1491205A3DB4}.Debug|ARM.Deploy.0 = Debug|ARM
		{901F210C-71BB-4316-8656-1491205A3DB4}.Debug|x86.ActiveCfg = Debug|x86
		{901F210C-71BB-4316-8656-1491205A3DB4}.Debug|x86.Build.0 = Debug|x86
		{901F210C-71BB-4316-8656-1491205A3DB4}.Debug|x86.Deploy.0 = Debug|x86
		{901F210C-71BB-4316-8656-1491205A3DB4}.Release|Any CPU.ActiveCfg = Release|Any CPU
		{901F210C-71BB-4316-8656-1491205A3DB4}.Release|Any CPU.Build.0 = Release|Any CPU
		{901F210C-71BB-4316-8656-1491205A3DB4}.Release|Any CPU.Deploy.0 = Release|Any CPU
		{901F210C-71BB-4316-8656-1491205A3DB4}.Release|ARM.ActiveCfg = Release|ARM
		{901F210C-71BB-4316-8656-1491205A3DB4}.Release|ARM.Build.0 = Release|ARM
		{901F210C-71BB-4316-8656-1491205A3DB4}.Release|ARM.Deploy.0 = Release|ARM
		{901F210C-71BB-4316-8656-1491205A3DB4}.Release|x86.ActiveCfg = Release|x86
		{901F210C-71BB-4316-8656-1491205A3DB4}.Release|x86.Build.0 = Release|x86
		{901F210C-71BB-4316-8656-1491205A3DB4}.Release|x86.Deploy.0 = Release|x86
		{815C1DE4-C75F-4ABE-BA76-67FF441E9898}.Debug|Any CPU.ActiveCfg = Debug|Any CPU
		{815C1DE4-C75F-4ABE-BA76-67FF441E9898}.Debug|Any CPU.Build.0 = Debug|Any CPU
		{815C1DE4-C75F-4ABE-BA76-67FF441E9898}.Debug|ARM.ActiveCfg = Debug|ARM
		{815C1DE4-C75F-4ABE-BA76-67FF441E9898}.Debug|ARM.Build.0 = Debug|ARM
		{815C1DE4-C75F-4ABE-BA76-67FF441E9898}.Debug|x86.ActiveCfg = Debug|x86
		{815C1DE4-C75F-4ABE-BA76-67FF441E9898}.Debug|x86.Build.0 = Debug|x86
		{815C1DE4-C75F-4ABE-BA76-67FF441E9898}.Release|Any CPU.ActiveCfg = Release|Any CPU
		{815C1DE4-C75F-4ABE-BA76-67FF441E9898}.Release|Any CPU.Build.0 = Release|Any CPU
		{815C1DE4-C75F-4ABE-BA76-67FF441E9898}.Release|ARM.ActiveCfg = Release|ARM
		{815C1DE4-C75F-4ABE-BA76-67FF441E9898}.Release|ARM.Build.0 = Release|ARM
		{815C1DE4-C75F-4ABE-BA76-67FF441E9898}.Release|x86.ActiveCfg = Release|x86
		{815C1DE4-C75F-4ABE-BA76-67FF441E9898}.Release|x86.Build.0 = Release|x86
		{F749F62D-B444-4962-91C3-9C868D798DF3}.Debug|Any CPU.ActiveCfg = Debug|Any CPU
		{F749F62D-B444-4962-91C3-9C868D798DF3}.Debug|Any CPU.Build.0 = Debug|Any CPU
		{F749F62D-B444-4962-91C3-9C868D798DF3}.Debug|ARM.ActiveCfg = Debug|ARM
		{F749F62D-B444-4962-91C3-9C868D798DF3}.Debug|ARM.Build.0 = Debug|ARM
		{F749F62D-B444-4962-91C3-9C868D798DF3}.Debug|x86.ActiveCfg = Debug|x86
		{F749F62D-B444-4962-91C3-9C868D798DF3}.Debug|x86.Build.0 = Debug|x86
		{F749F62D-B444-4962-91C3-9C868D798DF3}.Release|Any CPU.ActiveCfg = Release|Any CPU
		{F749F62D-B444-4962-91C3-9C868D798DF3}.Release|Any CPU.Build.0 = Release|Any CPU
		{F749F62D-B444-4962-91C3-9C868D798DF3}.Release|ARM.ActiveCfg = Release|ARM
		{F749F62D-B444-4962-91C3-9C868D798DF3}.Release|ARM.Build.0 = Release|ARM
		{F749F62D-B444-4962-91C3-9C868D798DF3}.Release|x86.ActiveCfg = Release|x86
		{F749F62D-B444-4962-91C3-9C868D798DF3}.Release|x86.Build.0 = Release|x86
	EndGlobalSection
	GlobalSection(SolutionProperties) = preSolution
		HideSolutionNode = FALSE
	EndGlobalSection
EndGlobal
